{
  "nodes": {
    "nixpkgs": {
      "locked": {
        "lastModified": 0,
        "narHash": "sha256-+EukKkeAx6ithOLM1u5x4D12ZFuoi6vpPYjhNDmLz1o=",
        "path": "/nix/store/k6h78frhk0w6ll4w7dfdh7fa5y0kdxkq-source",
        "type": "path"
      },
      "original": {
        "id": "nixpkgs",
        "type": "indirect"
      }
    },
    "root": {
      "inputs": {
        "nixpkgs": "nixpkgs"
      }
    }
  },
  "root": "root",
  "version": 7
}
